
Microsoft Visual Studio Solution File, Format Version 12.00
# Visual Studio Version 16
VisualStudioVersion = 16.0.32407.337
MinimumVisualStudioVersion = 10.0.40219.1
Project("{FAE04EC0-301F-11D3-BF4B-00C04F79EFBC}") = "1_Roman Numeral Converter", "1_Roman Numeral Converter\1_Roman Numeral Converter.csproj", "{77EF51E2-956E-4A47-8C63-D3A2BAC17973}"
EndProject
Global
	GlobalSection(SolutionConfigurationPlatforms) = preSolution
		Debug|Any CPU = Debug|Any CPU
		Release|Any CPU = Release|Any CPU
	EndGlobalSection
	GlobalSection(ProjectConfigurationPlatforms) = postSolution
		{77EF51E2-956E-4A47-8C63-D3A2BAC17973}.Debug|Any CPU.ActiveCfg = Debug|Any CPU
		{77EF51E2-956E-4A47-8C63-D3A2BAC17973}.Debug|Any CPU.Build.0 = Debug|Any CPU
		{77EF51E2-956E-4A47-8C63-D3A2BAC17973}.Release|Any CPU.ActiveCfg = Release|Any CPU
		{77EF51E2-956E-4A47-8C63-D3A2BAC17973}.Release|Any CPU.Build.0 = Release|Any CPU
	EndGlobalSection
	GlobalSection(SolutionProperties) = preSolution
		HideSolutionNode = FALSE
	EndGlobalSection
	GlobalSection(ExtensibilityGlobals) = postSolution
		SolutionGuid = {3D520051-60ED-479A-A84E-03E157EB9882}
	EndGlobalSection
EndGlobal
