
Microsoft Visual Studio Solution File, Format Version 12.00
# Visual Studio Version 16
VisualStudioVersion = 16.0.32228.343
MinimumVisualStudioVersion = 10.0.40219.1
Project("{FAE04EC0-301F-11D3-BF4B-00C04F79EFBC}") = "Topic_2_Time_Conversion", "Topic_2_Time_Conversion\Topic_2_Time_Conversion.csproj", "{0A9544D5-5ACB-412D-90C4-7C1AE93EBBE2}"
EndProject
Global
	GlobalSection(SolutionConfigurationPlatforms) = preSolution
		Debug|Any CPU = Debug|Any CPU
		Release|Any CPU = Release|Any CPU
	EndGlobalSection
	GlobalSection(ProjectConfigurationPlatforms) = postSolution
		{0A9544D5-5ACB-412D-90C4-7C1AE93EBBE2}.Debug|Any CPU.ActiveCfg = Debug|Any CPU
		{0A9544D5-5ACB-412D-90C4-7C1AE93EBBE2}.Debug|Any CPU.Build.0 = Debug|Any CPU
		{0A9544D5-5ACB-412D-90C4-7C1AE93EBBE2}.Release|Any CPU.ActiveCfg = Release|Any CPU
		{0A9544D5-5ACB-412D-90C4-7C1AE93EBBE2}.Release|Any CPU.Build.0 = Release|Any CPU
	EndGlobalSection
	GlobalSection(SolutionProperties) = preSolution
		HideSolutionNode = FALSE
	EndGlobalSection
	GlobalSection(ExtensibilityGlobals) = postSolution
		SolutionGuid = {1B9028F1-636A-4694-94D3-ED53DDEFD31A}
	EndGlobalSection
EndGlobal
