
Microsoft Visual Studio Solution File, Format Version 12.00
# Visual Studio Version 16
VisualStudioVersion = 16.0.32407.337
MinimumVisualStudioVersion = 10.0.40219.1
Project("{FAE04EC0-301F-11D3-BF4B-00C04F79EFBC}") = "2_Mass and Weight Problem", "2_Mass and Weight Problem\2_Mass and Weight Problem.csproj", "{99E4C094-B914-406E-9D15-8400A2CAC02D}"
EndProject
Global
	GlobalSection(SolutionConfigurationPlatforms) = preSolution
		Debug|Any CPU = Debug|Any CPU
		Release|Any CPU = Release|Any CPU
	EndGlobalSection
	GlobalSection(ProjectConfigurationPlatforms) = postSolution
		{99E4C094-B914-406E-9D15-8400A2CAC02D}.Debug|Any CPU.ActiveCfg = Debug|Any CPU
		{99E4C094-B914-406E-9D15-8400A2CAC02D}.Debug|Any CPU.Build.0 = Debug|Any CPU
		{99E4C094-B914-406E-9D15-8400A2CAC02D}.Release|Any CPU.ActiveCfg = Release|Any CPU
		{99E4C094-B914-406E-9D15-8400A2CAC02D}.Release|Any CPU.Build.0 = Release|Any CPU
	EndGlobalSection
	GlobalSection(SolutionProperties) = preSolution
		HideSolutionNode = FALSE
	EndGlobalSection
	GlobalSection(ExtensibilityGlobals) = postSolution
		SolutionGuid = {7254FECD-A459-4998-8E6C-B2CCFAC32FE9}
	EndGlobalSection
EndGlobal
